
Microsoft Visual Studio Solution File, Format Version 12.00
# Visual Studio Version 16
VisualStudioVersion = 16.0.29709.97
MinimumVisualStudioVersion = 10.0.40219.1
Project("{2150E333-8FDC-42A3-9474-1A3956D46DE8}") = "Survey", "Survey", "{295119C3-9BF4-4741-A9C8-4A20DEF8C3BB}"
EndProject
Project("{9A19103F-16F7-4668-BE54-9A1E7A4F7556}") = "Oxygen.Survey.Domain", "Oxygen.Survey.Domain\Oxygen.Survey.Domain.csproj", "{EAEDBE38-C91D-4FEC-BAC9-6BF476DC2B50}"
EndProject
Project("{2150E333-8FDC-42A3-9474-1A3956D46DE8}") = "Common", "Common", "{C09FFCA9-48BA-43F7-962A-22505A5ED975}"
EndProject
Project("{9A19103F-16F7-4668-BE54-9A1E7A4F7556}") = "Oxygen.Domain.Common", "Oxygen.Domain.Common\Oxygen.Domain.Common.csproj", "{530881E9-13C7-4D3D-B64A-5ED5A421B12E}"
EndProject
Project("{9A19103F-16F7-4668-BE54-9A1E7A4F7556}") = "Oxygen.Application.Common", "Oxygen.Application.Common\Oxygen.Application.Common.csproj", "{74EE6AC3-1C7D-4338-9551-9B9579260EE1}"
EndProject
Project("{9A19103F-16F7-4668-BE54-9A1E7A4F7556}") = "Oxygen.Survey.Application", "Oxygen.Survey.Application\Oxygen.Survey.Application.csproj", "{57E7B2CA-A27C-49AE-AD23-9B3D05C6CB56}"
EndProject
Project("{9A19103F-16F7-4668-BE54-9A1E7A4F7556}") = "Oxygen.Survey.Infrastructure", "Oxygen.Survey.Infrastructure\Oxygen.Survey.Infrastructure.csproj", "{207B6B93-E4C3-4E9F-AC4F-226CB866DA33}"
EndProject
Project("{9A19103F-16F7-4668-BE54-9A1E7A4F7556}") = "Oxygen.Survey.Startup", "Oxygen.Survey.Startup\Oxygen.Survey.Startup.csproj", "{FC578519-7564-41A6-9CBF-30D46683D2C5}"
EndProject
Project("{9A19103F-16F7-4668-BE54-9A1E7A4F7556}") = "Oxygen.Survey.Web", "Oxygen.Survey.Web\Oxygen.Survey.Web.csproj", "{FC882BEF-09EF-4B24-8C95-A18B73EBD6D5}"
EndProject
Project("{9A19103F-16F7-4668-BE54-9A1E7A4F7556}") = "Oxygen.Web.Common", "Oxygen.Web.Common\Oxygen.Web.Common.csproj", "{A9A8D830-6B3C-4ADB-8FB1-04A08C01EBA8}"
EndProject
Project("{9A19103F-16F7-4668-BE54-9A1E7A4F7556}") = "Oxygen.Infrastructure.Common", "Oxygen.Infrastructure.Common\Oxygen.Infrastructure.Common.csproj", "{2859D754-48DB-475D-9B7F-55FEE01714B3}"
EndProject
Project("{2150E333-8FDC-42A3-9474-1A3956D46DE8}") = "Identity", "Identity", "{263E8C3D-55E6-48FE-82B6-FC497B7571F4}"
EndProject
Project("{9A19103F-16F7-4668-BE54-9A1E7A4F7556}") = "Oxygen.Identity.Web", "Oxygen.Identity.Web\Oxygen.Identity.Web.csproj", "{798A9991-6116-492E-B5A6-54282799F988}"
EndProject
Project("{9A19103F-16F7-4668-BE54-9A1E7A4F7556}") = "Oxygen.Identity.Startup", "Oxygen.Identity.Startup\Oxygen.Identity.Startup.csproj", "{FECBA0EB-ED2C-4427-B519-4771DB934F90}"
EndProject
Project("{9A19103F-16F7-4668-BE54-9A1E7A4F7556}") = "Oxygen.Identity.Application", "Oxygen.Identity.Application\Oxygen.Identity.Application.csproj", "{CD2F09A3-E320-463C-970C-A6B664F7B236}"
EndProject
Project("{9A19103F-16F7-4668-BE54-9A1E7A4F7556}") = "Oxygen.Identity.Infrastructure", "Oxygen.Identity.Infrastructure\Oxygen.Identity.Infrastructure.csproj", "{2E31957F-489D-4D53-90B0-7E485142576F}"
EndProject
Project("{9A19103F-16F7-4668-BE54-9A1E7A4F7556}") = "Oxygen.Identity.Domain", "Oxygen.Identity.Domain\Oxygen.Identity.Domain.csproj", "{5E4D4A90-2793-407E-BADE-21F4B1D91C27}"
EndProject
Project("{2150E333-8FDC-42A3-9474-1A3956D46DE8}") = "Watchdog", "Watchdog", "{669F84A5-183D-4CBD-AB3E-8076D20C07C0}"
EndProject
Project("{2150E333-8FDC-42A3-9474-1A3956D46DE8}") = "Notifications", "Notifications", "{07D9043A-C23F-40B9-8F06-C4CEF18395E1}"
EndProject
Project("{9A19103F-16F7-4668-BE54-9A1E7A4F7556}") = "Oxygen.Notifications", "Oxygen.Notifications\Oxygen.Notifications.csproj", "{89C14467-5E62-4B0E-9EE4-C7D6D391DF00}"
EndProject
Project("{9A19103F-16F7-4668-BE54-9A1E7A4F7556}") = "Oxygen.Watchdog", "Oxygen.Watchdog\Oxygen.Watchdog.csproj", "{D915E398-4588-4EF4-9789-5E53ACC4C2E5}"
EndProject
Project("{2150E333-8FDC-42A3-9474-1A3956D46DE8}") = "Admin", "Admin", "{B1FE0DED-195B-439F-B488-4C90936CF288}"
EndProject
Project("{9A19103F-16F7-4668-BE54-9A1E7A4F7556}") = "Oxygen.Admin", "Oxygen.Admin\Oxygen.Admin.csproj", "{1276A82E-4EB2-488D-B68A-FB9ECF2289CA}"
EndProject
Project("{2150E333-8FDC-42A3-9474-1A3956D46DE8}") = "Company", "Company", "{23AB87C3-113B-4D81-8A9A-695972090236}"
EndProject
Project("{9A19103F-16F7-4668-BE54-9A1E7A4F7556}") = "Oxygen.Company.Startup", "Oxygen.Company.Startup\Oxygen.Company.Startup.csproj", "{B734DC2F-0A75-4937-8268-37F306E037E6}"
EndProject
Project("{9A19103F-16F7-4668-BE54-9A1E7A4F7556}") = "Oxygen.Company.Web", "Oxygen.Company.Web\Oxygen.Company.Web.csproj", "{4793A5C9-2E30-4058-9703-0B36250792EA}"
EndProject
Project("{9A19103F-16F7-4668-BE54-9A1E7A4F7556}") = "Oxygen.Company.Application", "Oxygen.Company.Application\Oxygen.Company.Application.csproj", "{269598EE-8C77-4475-A4E4-67EB5E10420E}"
EndProject
Project("{9A19103F-16F7-4668-BE54-9A1E7A4F7556}") = "Oxygen.Company.Domain", "Oxygen.Company.Domain\Oxygen.Company.Domain.csproj", "{3E2B3475-4E98-4819-BF4F-F4AD3FF71023}"
EndProject
Project("{9A19103F-16F7-4668-BE54-9A1E7A4F7556}") = "Oxygen.Company.Infrastructure", "Oxygen.Company.Infrastructure\Oxygen.Company.Infrastructure.csproj", "{9B1223BE-8F24-4D20-A8D1-6142C498261C}"
EndProject
Project("{9A19103F-16F7-4668-BE54-9A1E7A4F7556}") = "Oxygen.Startup.Common", "Oxygen.Startup.Common\Oxygen.Startup.Common.csproj", "{ABD5527B-3A82-4363-8EDA-3ACCE68E50B6}"
EndProject
Project("{9A19103F-16F7-4668-BE54-9A1E7A4F7556}") = "Ogyxen.Common", "Ogyxen.Common\Ogyxen.Common.csproj", "{614FD768-79F9-4053-B356-2ABC73E38A6A}"
EndProject
Global
	GlobalSection(SolutionConfigurationPlatforms) = preSolution
		Debug|Any CPU = Debug|Any CPU
		Release|Any CPU = Release|Any CPU
	EndGlobalSection
	GlobalSection(ProjectConfigurationPlatforms) = postSolution
		{EAEDBE38-C91D-4FEC-BAC9-6BF476DC2B50}.Debug|Any CPU.ActiveCfg = Debug|Any CPU
		{EAEDBE38-C91D-4FEC-BAC9-6BF476DC2B50}.Debug|Any CPU.Build.0 = Debug|Any CPU
		{EAEDBE38-C91D-4FEC-BAC9-6BF476DC2B50}.Release|Any CPU.ActiveCfg = Release|Any CPU
		{EAEDBE38-C91D-4FEC-BAC9-6BF476DC2B50}.Release|Any CPU.Build.0 = Release|Any CPU
		{530881E9-13C7-4D3D-B64A-5ED5A421B12E}.Debug|Any CPU.ActiveCfg = Debug|Any CPU
		{530881E9-13C7-4D3D-B64A-5ED5A421B12E}.Debug|Any CPU.Build.0 = Debug|Any CPU
		{530881E9-13C7-4D3D-B64A-5ED5A421B12E}.Release|Any CPU.ActiveCfg = Release|Any CPU
		{530881E9-13C7-4D3D-B64A-5ED5A421B12E}.Release|Any CPU.Build.0 = Release|Any CPU
		{74EE6AC3-1C7D-4338-9551-9B9579260EE1}.Debug|Any CPU.ActiveCfg = Debug|Any CPU
		{74EE6AC3-1C7D-4338-9551-9B9579260EE1}.Debug|Any CPU.Build.0 = Debug|Any CPU
		{74EE6AC3-1C7D-4338-9551-9B9579260EE1}.Release|Any CPU.ActiveCfg = Release|Any CPU
		{74EE6AC3-1C7D-4338-9551-9B9579260EE1}.Release|Any CPU.Build.0 = Release|Any CPU
		{57E7B2CA-A27C-49AE-AD23-9B3D05C6CB56}.Debug|Any CPU.ActiveCfg = Debug|Any CPU
		{57E7B2CA-A27C-49AE-AD23-9B3D05C6CB56}.Debug|Any CPU.Build.0 = Debug|Any CPU
		{57E7B2CA-A27C-49AE-AD23-9B3D05C6CB56}.Release|Any CPU.ActiveCfg = Release|Any CPU
		{57E7B2CA-A27C-49AE-AD23-9B3D05C6CB56}.Release|Any CPU.Build.0 = Release|Any CPU
		{207B6B93-E4C3-4E9F-AC4F-226CB866DA33}.Debug|Any CPU.ActiveCfg = Debug|Any CPU
		{207B6B93-E4C3-4E9F-AC4F-226CB866DA33}.Debug|Any CPU.Build.0 = Debug|Any CPU
		{207B6B93-E4C3-4E9F-AC4F-226CB866DA33}.Release|Any CPU.ActiveCfg = Release|Any CPU
		{207B6B93-E4C3-4E9F-AC4F-226CB866DA33}.Release|Any CPU.Build.0 = Release|Any CPU
		{FC578519-7564-41A6-9CBF-30D46683D2C5}.Debug|Any CPU.ActiveCfg = Debug|Any CPU
		{FC578519-7564-41A6-9CBF-30D46683D2C5}.Debug|Any CPU.Build.0 = Debug|Any CPU
		{FC578519-7564-41A6-9CBF-30D46683D2C5}.Release|Any CPU.ActiveCfg = Release|Any CPU
		{FC578519-7564-41A6-9CBF-30D46683D2C5}.Release|Any CPU.Build.0 = Release|Any CPU
		{FC882BEF-09EF-4B24-8C95-A18B73EBD6D5}.Debug|Any CPU.ActiveCfg = Debug|Any CPU
		{FC882BEF-09EF-4B24-8C95-A18B73EBD6D5}.Debug|Any CPU.Build.0 = Debug|Any CPU
		{FC882BEF-09EF-4B24-8C95-A18B73EBD6D5}.Release|Any CPU.ActiveCfg = Release|Any CPU
		{FC882BEF-09EF-4B24-8C95-A18B73EBD6D5}.Release|Any CPU.Build.0 = Release|Any CPU
		{A9A8D830-6B3C-4ADB-8FB1-04A08C01EBA8}.Debug|Any CPU.ActiveCfg = Debug|Any CPU
		{A9A8D830-6B3C-4ADB-8FB1-04A08C01EBA8}.Debug|Any CPU.Build.0 = Debug|Any CPU
		{A9A8D830-6B3C-4ADB-8FB1-04A08C01EBA8}.Release|Any CPU.ActiveCfg = Release|Any CPU
		{A9A8D830-6B3C-4ADB-8FB1-04A08C01EBA8}.Release|Any CPU.Build.0 = Release|Any CPU
		{2859D754-48DB-475D-9B7F-55FEE01714B3}.Debug|Any CPU.ActiveCfg = Debug|Any CPU
		{2859D754-48DB-475D-9B7F-55FEE01714B3}.Debug|Any CPU.Build.0 = Debug|Any CPU
		{2859D754-48DB-475D-9B7F-55FEE01714B3}.Release|Any CPU.ActiveCfg = Release|Any CPU
		{2859D754-48DB-475D-9B7F-55FEE01714B3}.Release|Any CPU.Build.0 = Release|Any CPU
		{798A9991-6116-492E-B5A6-54282799F988}.Debug|Any CPU.ActiveCfg = Debug|Any CPU
		{798A9991-6116-492E-B5A6-54282799F988}.Debug|Any CPU.Build.0 = Debug|Any CPU
		{798A9991-6116-492E-B5A6-54282799F988}.Release|Any CPU.ActiveCfg = Release|Any CPU
		{798A9991-6116-492E-B5A6-54282799F988}.Release|Any CPU.Build.0 = Release|Any CPU
		{FECBA0EB-ED2C-4427-B519-4771DB934F90}.Debug|Any CPU.ActiveCfg = Debug|Any CPU
		{FECBA0EB-ED2C-4427-B519-4771DB934F90}.Debug|Any CPU.Build.0 = Debug|Any CPU
		{FECBA0EB-ED2C-4427-B519-4771DB934F90}.Release|Any CPU.ActiveCfg = Release|Any CPU
		{FECBA0EB-ED2C-4427-B519-4771DB934F90}.Release|Any CPU.Build.0 = Release|Any CPU
		{CD2F09A3-E320-463C-970C-A6B664F7B236}.Debug|Any CPU.ActiveCfg = Debug|Any CPU
		{CD2F09A3-E320-463C-970C-A6B664F7B236}.Debug|Any CPU.Build.0 = Debug|Any CPU
		{CD2F09A3-E320-463C-970C-A6B664F7B236}.Release|Any CPU.ActiveCfg = Release|Any CPU
		{CD2F09A3-E320-463C-970C-A6B664F7B236}.Release|Any CPU.Build.0 = Release|Any CPU
		{2E31957F-489D-4D53-90B0-7E485142576F}.Debug|Any CPU.ActiveCfg = Debug|Any CPU
		{2E31957F-489D-4D53-90B0-7E485142576F}.Debug|Any CPU.Build.0 = Debug|Any CPU
		{2E31957F-489D-4D53-90B0-7E485142576F}.Release|Any CPU.ActiveCfg = Release|Any CPU
		{2E31957F-489D-4D53-90B0-7E485142576F}.Release|Any CPU.Build.0 = Release|Any CPU
		{5E4D4A90-2793-407E-BADE-21F4B1D91C27}.Debug|Any CPU.ActiveCfg = Debug|Any CPU
		{5E4D4A90-2793-407E-BADE-21F4B1D91C27}.Debug|Any CPU.Build.0 = Debug|Any CPU
		{5E4D4A90-2793-407E-BADE-21F4B1D91C27}.Release|Any CPU.ActiveCfg = Release|Any CPU
		{5E4D4A90-2793-407E-BADE-21F4B1D91C27}.Release|Any CPU.Build.0 = Release|Any CPU
		{89C14467-5E62-4B0E-9EE4-C7D6D391DF00}.Debug|Any CPU.ActiveCfg = Debug|Any CPU
		{89C14467-5E62-4B0E-9EE4-C7D6D391DF00}.Debug|Any CPU.Build.0 = Debug|Any CPU
		{89C14467-5E62-4B0E-9EE4-C7D6D391DF00}.Release|Any CPU.ActiveCfg = Release|Any CPU
		{89C14467-5E62-4B0E-9EE4-C7D6D391DF00}.Release|Any CPU.Build.0 = Release|Any CPU
		{D915E398-4588-4EF4-9789-5E53ACC4C2E5}.Debug|Any CPU.ActiveCfg = Debug|Any CPU
		{D915E398-4588-4EF4-9789-5E53ACC4C2E5}.Debug|Any CPU.Build.0 = Debug|Any CPU
		{D915E398-4588-4EF4-9789-5E53ACC4C2E5}.Release|Any CPU.ActiveCfg = Release|Any CPU
		{D915E398-4588-4EF4-9789-5E53ACC4C2E5}.Release|Any CPU.Build.0 = Release|Any CPU
		{1276A82E-4EB2-488D-B68A-FB9ECF2289CA}.Debug|Any CPU.ActiveCfg = Debug|Any CPU
		{1276A82E-4EB2-488D-B68A-FB9ECF2289CA}.Debug|Any CPU.Build.0 = Debug|Any CPU
		{1276A82E-4EB2-488D-B68A-FB9ECF2289CA}.Release|Any CPU.ActiveCfg = Release|Any CPU
		{1276A82E-4EB2-488D-B68A-FB9ECF2289CA}.Release|Any CPU.Build.0 = Release|Any CPU
		{B734DC2F-0A75-4937-8268-37F306E037E6}.Debug|Any CPU.ActiveCfg = Debug|Any CPU
		{B734DC2F-0A75-4937-8268-37F306E037E6}.Debug|Any CPU.Build.0 = Debug|Any CPU
		{B734DC2F-0A75-4937-8268-37F306E037E6}.Release|Any CPU.ActiveCfg = Release|Any CPU
		{B734DC2F-0A75-4937-8268-37F306E037E6}.Release|Any CPU.Build.0 = Release|Any CPU
		{4793A5C9-2E30-4058-9703-0B36250792EA}.Debug|Any CPU.ActiveCfg = Debug|Any CPU
		{4793A5C9-2E30-4058-9703-0B36250792EA}.Debug|Any CPU.Build.0 = Debug|Any CPU
		{4793A5C9-2E30-4058-9703-0B36250792EA}.Release|Any CPU.ActiveCfg = Release|Any CPU
		{4793A5C9-2E30-4058-9703-0B36250792EA}.Release|Any CPU.Build.0 = Release|Any CPU
		{269598EE-8C77-4475-A4E4-67EB5E10420E}.Debug|Any CPU.ActiveCfg = Debug|Any CPU
		{269598EE-8C77-4475-A4E4-67EB5E10420E}.Debug|Any CPU.Build.0 = Debug|Any CPU
		{269598EE-8C77-4475-A4E4-67EB5E10420E}.Release|Any CPU.ActiveCfg = Release|Any CPU
		{269598EE-8C77-4475-A4E4-67EB5E10420E}.Release|Any CPU.Build.0 = Release|Any CPU
		{3E2B3475-4E98-4819-BF4F-F4AD3FF71023}.Debug|Any CPU.ActiveCfg = Debug|Any CPU
		{3E2B3475-4E98-4819-BF4F-F4AD3FF71023}.Debug|Any CPU.Build.0 = Debug|Any CPU
		{3E2B3475-4E98-4819-BF4F-F4AD3FF71023}.Release|Any CPU.ActiveCfg = Release|Any CPU
		{3E2B3475-4E98-4819-BF4F-F4AD3FF71023}.Release|Any CPU.Build.0 = Release|Any CPU
		{9B1223BE-8F24-4D20-A8D1-6142C498261C}.Debug|Any CPU.ActiveCfg = Debug|Any CPU
		{9B1223BE-8F24-4D20-A8D1-6142C498261C}.Debug|Any CPU.Build.0 = Debug|Any CPU
		{9B1223BE-8F24-4D20-A8D1-6142C498261C}.Release|Any CPU.ActiveCfg = Release|Any CPU
		{9B1223BE-8F24-4D20-A8D1-6142C498261C}.Release|Any CPU.Build.0 = Release|Any CPU
		{ABD5527B-3A82-4363-8EDA-3ACCE68E50B6}.Debug|Any CPU.ActiveCfg = Debug|Any CPU
		{ABD5527B-3A82-4363-8EDA-3ACCE68E50B6}.Debug|Any CPU.Build.0 = Debug|Any CPU
		{ABD5527B-3A82-4363-8EDA-3ACCE68E50B6}.Release|Any CPU.ActiveCfg = Release|Any CPU
		{ABD5527B-3A82-4363-8EDA-3ACCE68E50B6}.Release|Any CPU.Build.0 = Release|Any CPU
		{614FD768-79F9-4053-B356-2ABC73E38A6A}.Debug|Any CPU.ActiveCfg = Debug|Any CPU
		{614FD768-79F9-4053-B356-2ABC73E38A6A}.Debug|Any CPU.Build.0 = Debug|Any CPU
		{614FD768-79F9-4053-B356-2ABC73E38A6A}.Release|Any CPU.ActiveCfg = Release|Any CPU
		{614FD768-79F9-4053-B356-2ABC73E38A6A}.Release|Any CPU.Build.0 = Release|Any CPU
	EndGlobalSection
	GlobalSection(SolutionProperties) = preSolution
		HideSolutionNode = FALSE
	EndGlobalSection
	GlobalSection(NestedProjects) = preSolution
		{EAEDBE38-C91D-4FEC-BAC9-6BF476DC2B50} = {295119C3-9BF4-4741-A9C8-4A20DEF8C3BB}
		{530881E9-13C7-4D3D-B64A-5ED5A421B12E} = {C09FFCA9-48BA-43F7-962A-22505A5ED975}
		{74EE6AC3-1C7D-4338-9551-9B9579260EE1} = {C09FFCA9-48BA-43F7-962A-22505A5ED975}
		{57E7B2CA-A27C-49AE-AD23-9B3D05C6CB56} = {295119C3-9BF4-4741-A9C8-4A20DEF8C3BB}
		{207B6B93-E4C3-4E9F-AC4F-226CB866DA33} = {295119C3-9BF4-4741-A9C8-4A20DEF8C3BB}
		{FC578519-7564-41A6-9CBF-30D46683D2C5} = {295119C3-9BF4-4741-A9C8-4A20DEF8C3BB}
		{FC882BEF-09EF-4B24-8C95-A18B73EBD6D5} = {295119C3-9BF4-4741-A9C8-4A20DEF8C3BB}
		{A9A8D830-6B3C-4ADB-8FB1-04A08C01EBA8} = {C09FFCA9-48BA-43F7-962A-22505A5ED975}
		{2859D754-48DB-475D-9B7F-55FEE01714B3} = {C09FFCA9-48BA-43F7-962A-22505A5ED975}
		{798A9991-6116-492E-B5A6-54282799F988} = {263E8C3D-55E6-48FE-82B6-FC497B7571F4}
		{FECBA0EB-ED2C-4427-B519-4771DB934F90} = {263E8C3D-55E6-48FE-82B6-FC497B7571F4}
		{CD2F09A3-E320-463C-970C-A6B664F7B236} = {263E8C3D-55E6-48FE-82B6-FC497B7571F4}
		{2E31957F-489D-4D53-90B0-7E485142576F} = {263E8C3D-55E6-48FE-82B6-FC497B7571F4}
		{5E4D4A90-2793-407E-BADE-21F4B1D91C27} = {263E8C3D-55E6-48FE-82B6-FC497B7571F4}
		{89C14467-5E62-4B0E-9EE4-C7D6D391DF00} = {07D9043A-C23F-40B9-8F06-C4CEF18395E1}
		{D915E398-4588-4EF4-9789-5E53ACC4C2E5} = {669F84A5-183D-4CBD-AB3E-8076D20C07C0}
		{1276A82E-4EB2-488D-B68A-FB9ECF2289CA} = {B1FE0DED-195B-439F-B488-4C90936CF288}
		{B734DC2F-0A75-4937-8268-37F306E037E6} = {23AB87C3-113B-4D81-8A9A-695972090236}
		{4793A5C9-2E30-4058-9703-0B36250792EA} = {23AB87C3-113B-4D81-8A9A-695972090236}
		{269598EE-8C77-4475-A4E4-67EB5E10420E} = {23AB87C3-113B-4D81-8A9A-695972090236}
		{3E2B3475-4E98-4819-BF4F-F4AD3FF71023} = {23AB87C3-113B-4D81-8A9A-695972090236}
		{9B1223BE-8F24-4D20-A8D1-6142C498261C} = {23AB87C3-113B-4D81-8A9A-695972090236}
		{ABD5527B-3A82-4363-8EDA-3ACCE68E50B6} = {C09FFCA9-48BA-43F7-962A-22505A5ED975}
		{614FD768-79F9-4053-B356-2ABC73E38A6A} = {C09FFCA9-48BA-43F7-962A-22505A5ED975}
	EndGlobalSection
	GlobalSection(ExtensibilityGlobals) = postSolution
		SolutionGuid = {58A386E4-E7C7-49B8-8E30-D8DD2154B7D5}
	EndGlobalSection
EndGlobal
